
Microsoft Visual Studio Solution File, Format Version 12.00
# Visual Studio for Mac
Project("{FAE04EC0-301F-11D3-BF4B-00C04F79EFBC}") = "Dream Game 1", "Dream Game 1.csproj", "{AAE61DB9-3DDE-E4E2-1A23-90320F105880}"
EndProject
Global
	GlobalSection(SolutionConfigurationPlatforms) = preSolution
		Debug|Any CPU = Debug|Any CPU
		Release|Any CPU = Release|Any CPU
	EndGlobalSection
	GlobalSection(ProjectConfigurationPlatforms) = postSolution
		{AAE61DB9-3DDE-E4E2-1A23-90320F105880}.Debug|Any CPU.ActiveCfg = Debug|Any CPU
		{AAE61DB9-3DDE-E4E2-1A23-90320F105880}.Debug|Any CPU.Build.0 = Debug|Any CPU
		{AAE61DB9-3DDE-E4E2-1A23-90320F105880}.Release|Any CPU.ActiveCfg = Release|Any CPU
		{AAE61DB9-3DDE-E4E2-1A23-90320F105880}.Release|Any CPU.Build.0 = Release|Any CPU
	EndGlobalSection
	GlobalSection(SolutionProperties) = preSolution
		HideSolutionNode = FALSE
	EndGlobalSection
EndGlobal
